{
    "version": 3,
    "terraform_version": "0.9.4",
    "serial": 2,
    "lineage": "4ecaa04a-70d3-4536-8b0c-2841bdaca670",
    "modules": [
        {
            "path": [
                "root"
            ],
            "outputs": {},
            "resources": {},
            "depends_on": []
        },
        {
            "path": [
                "root",
                "dev"
            ],
            "outputs": {},
            "resources": {
                "aws_instance.dev-server": {
                    "type": "aws_instance",
                    "depends_on": [
                        "aws_subnet.dev-eu-west-1b"
                    ],
                    "primary": {
                        "id": "i-00b5caf1b9abb3d15",
                        "attributes": {
                            "ami": "ami-a8d2d7ce",
                            "associate_public_ip_address": "false",
                            "availability_zone": "eu-west-1b",
                            "disable_api_termination": "false",
                            "ebs_block_device.#": "0",
                            "ebs_optimized": "false",
                            "ephemeral_block_device.#": "0",
                            "iam_instance_profile": "",
                            "id": "i-00b5caf1b9abb3d15",
                            "instance_state": "running",
                            "instance_type": "t2.micro",
                            "ipv6_address_count": "0",
                            "ipv6_addresses.#": "0",
                            "key_name": "",
                            "monitoring": "false",
                            "network_interface.#": "0",
                            "network_interface_id": "eni-1de7d535",
                            "primary_network_interface_id": "eni-1de7d535",
                            "private_dns": "ip-172-31-64-202.eu-west-1.compute.internal",
                            "private_ip": "172.31.64.202",
                            "public_dns": "",
                            "public_ip": "",
                            "root_block_device.#": "1",
                            "root_block_device.0.delete_on_termination": "true",
                            "root_block_device.0.iops": "100",
                            "root_block_device.0.volume_size": "8",
                            "root_block_device.0.volume_type": "gp2",
                            "security_groups.#": "0",
                            "source_dest_check": "true",
                            "subnet_id": "subnet-f514ec92",
                            "tags.%": "1",
                            "tags.Name": "dev-server",
                            "tenancy": "default",
                            "volume_tags.%": "0",
                            "vpc_security_group_ids.#": "1",
                            "vpc_security_group_ids.1538210895": "sg-9f0b48e6"
                        },
                        "meta": {
                            "schema_version": "1"
                        },
                        "tainted": false
                    },
                    "deposed": [],
                    "provider": ""
                },
                "aws_subnet.dev-eu-west-1a": {
                    "type": "aws_subnet",
                    "depends_on": [],
                    "primary": {
                        "id": "subnet-dde9ed85",
                        "attributes": {
                            "assign_ipv6_address_on_creation": "false",
                            "availability_zone": "eu-west-1a",
                            "cidr_block": "172.31.0.0/24",
                            "id": "subnet-dde9ed85",
                            "map_public_ip_on_launch": "false",
                            "tags.%": "1",
                            "tags.Name": "dev-eu-west-1a",
                            "vpc_id": "vpc-8b708fec"
                        },
                        "meta": {
                            "schema_version": "1"
                        },
                        "tainted": false
                    },
                    "deposed": [],
                    "provider": ""
                },
                "aws_subnet.dev-eu-west-1b": {
                    "type": "aws_subnet",
                    "depends_on": [],
                    "primary": {
                        "id": "subnet-f514ec92",
                        "attributes": {
                            "assign_ipv6_address_on_creation": "false",
                            "availability_zone": "eu-west-1b",
                            "cidr_block": "172.31.64.0/24",
                            "id": "subnet-f514ec92",
                            "map_public_ip_on_launch": "false",
                            "tags.%": "1",
                            "tags.Name": "dev-eu-west-1b",
                            "vpc_id": "vpc-8b708fec"
                        },
                        "meta": {
                            "schema_version": "1"
                        },
                        "tainted": false
                    },
                    "deposed": [],
                    "provider": ""
                },
                "aws_subnet.dev-eu-west-1c": {
                    "type": "aws_subnet",
                    "depends_on": [],
                    "primary": {
                        "id": "subnet-5000c419",
                        "attributes": {
                            "assign_ipv6_address_on_creation": "false",
                            "availability_zone": "eu-west-1c",
                            "cidr_block": "172.31.128.0/24",
                            "id": "subnet-5000c419",
                            "map_public_ip_on_launch": "false",
                            "tags.%": "1",
                            "tags.Name": "dev-eu-west-1c",
                            "vpc_id": "vpc-8b708fec"
                        },
                        "meta": {
                            "schema_version": "1"
                        },
                        "tainted": false
                    },
                    "deposed": [],
                    "provider": ""
                }
            },
            "depends_on": []
        }
    ]
}
